// !$*UTF8*$!
{
	archiveVersion = 1;
	classes = {
	};
	objectVersion = 46;
	objects = {

/* Begin PBXBuildFile section */
		FE96CA8B1F19C7B9003B470B /* AppDelegate.swift in Sources */ = {isa = PBXBuildFile; fileRef = FE96CA8A1F19C7B9003B470B /* AppDelegate.swift */; };
		FE96CA901F19C7B9003B470B /* Main.storyboard in Resources */ = {isa = PBXBuildFile; fileRef = FE96CA8E1F19C7B9003B470B /* Main.storyboard */; };
		FE96CA921F19C7B9003B470B /* Assets.xcassets in Resources */ = {isa = PBXBuildFile; fileRef = FE96CA911F19C7B9003B470B /* Assets.xcassets */; };
		FE96CA951F19C7B9003B470B /* LaunchScreen.storyboard in Resources */ = {isa = PBXBuildFile; fileRef = FE96CA931F19C7B9003B470B /* LaunchScreen.storyboard */; };
		FE96CAA01F19C7BA003B470B /* Sports_EventsTests.swift in Sources */ = {isa = PBXBuildFile; fileRef = FE96CA9F1F19C7BA003B470B /* Sports_EventsTests.swift */; };
		FE96CAAB1F19C7BA003B470B /* Sports_EventsUITests.swift in Sources */ = {isa = PBXBuildFile; fileRef = FE96CAAA1F19C7BA003B470B /* Sports_EventsUITests.swift */; };
		FE96CAC01F1A9A97003B470B /* sports_events.json in Resources */ = {isa = PBXBuildFile; fileRef = FE96CABF1F1A9A97003B470B /* sports_events.json */; };
		FE96CAC41F1A9FD8003B470B /* Sport.swift in Sources */ = {isa = PBXBuildFile; fileRef = FE96CAC31F1A9FD8003B470B /* Sport.swift */; };
		FE96CAC61F1AA229003B470B /* SportsEvent.swift in Sources */ = {isa = PBXBuildFile; fileRef = FE96CAC51F1AA229003B470B /* SportsEvent.swift */; };
		FE96CAC81F1AA85E003B470B /* SportsEventsJSONParser.swift in Sources */ = {isa = PBXBuildFile; fileRef = FE96CAC71F1AA85E003B470B /* SportsEventsJSONParser.swift */; };
		FE96CACA1F1AAEFF003B470B /* SportsEventsJSONLoader.swift in Sources */ = {isa = PBXBuildFile; fileRef = FE96CAC91F1AAEFF003B470B /* SportsEventsJSONLoader.swift */; };
		FE96CACC1F1AB56E003B470B /* SportsEventsViewController.swift in Sources */ = {isa = PBXBuildFile; fileRef = FE96CACB1F1AB56E003B470B /* SportsEventsViewController.swift */; };
		FE96CACE1F1AB59A003B470B /* SportsEventDetailViewController.swift in Sources */ = {isa = PBXBuildFile; fileRef = FE96CACD1F1AB59A003B470B /* SportsEventDetailViewController.swift */; };
		FE96CAD01F1ABCE5003B470B /* SportsEventTableViewCell.swift in Sources */ = {isa = PBXBuildFile; fileRef = FE96CACF1F1ABCE5003B470B /* SportsEventTableViewCell.swift */; };
/* End PBXBuildFile section */

/* Begin PBXContainerItemProxy section */
		FE96CA9C1F19C7B9003B470B /* PBXContainerItemProxy */ = {
			isa = PBXContainerItemProxy;
			containerPortal = FE96CA7F1F19C7B9003B470B /* Project object */;
			proxyType = 1;
			remoteGlobalIDString = FE96CA861F19C7B9003B470B;
			remoteInfo = "Sports Events";
		};
		FE96CAA71F19C7BA003B470B /* PBXContainerItemProxy */ = {
			isa = PBXContainerItemProxy;
			containerPortal = FE96CA7F1F19C7B9003B470B /* Project object */;
			proxyType = 1;
			remoteGlobalIDString = FE96CA861F19C7B9003B470B;
			remoteInfo = "Sports Events";
		};
/* End PBXContainerItemProxy section */

/* Begin PBXFileReference section */
		FE96CA871F19C7B9003B470B /* Sports Events.app */ = {isa = PBXFileReference; explicitFileType = wrapper.application; includeInIndex = 0; path = "Sports Events.app"; sourceTree = BUILT_PRODUCTS_DIR; };
		FE96CA8A1F19C7B9003B470B /* AppDelegate.swift */ = {isa = PBXFileReference; lastKnownFileType = sourcecode.swift; path = AppDelegate.swift; sourceTree = "<group>"; };
		FE96CA8F1F19C7B9003B470B /* Base */ = {isa = PBXFileReference; lastKnownFileType = file.storyboard; name = Base; path = Base.lproj/Main.storyboard; sourceTree = "<group>"; };
		FE96CA911F19C7B9003B470B /* Assets.xcassets */ = {isa = PBXFileReference; lastKnownFileType = folder.assetcatalog; path = Assets.xcassets; sourceTree = "<group>"; };
		FE96CA941F19C7B9003B470B /* Base */ = {isa = PBXFileReference; lastKnownFileType = file.storyboard; name = Base; path = Base.lproj/LaunchScreen.storyboard; sourceTree = "<group>"; };
		FE96CA961F19C7B9003B470B /* Info.plist */ = {isa = PBXFileReference; lastKnownFileType = text.plist.xml; path = Info.plist; sourceTree = "<group>"; };
		FE96CA9B1F19C7B9003B470B /* Sports EventsTests.xctest */ = {isa = PBXFileReference; explicitFileType = wrapper.cfbundle; includeInIndex = 0; path = "Sports EventsTests.xctest"; sourceTree = BUILT_PRODUCTS_DIR; };
		FE96CA9F1F19C7BA003B470B /* Sports_EventsTests.swift */ = {isa = PBXFileReference; lastKnownFileType = sourcecode.swift; path = Sports_EventsTests.swift; sourceTree = "<group>"; };
		FE96CAA11F19C7BA003B470B /* Info.plist */ = {isa = PBXFileReference; lastKnownFileType = text.plist.xml; path = Info.plist; sourceTree = "<group>"; };
		FE96CAA61F19C7BA003B470B /* Sports EventsUITests.xctest */ = {isa = PBXFileReference; explicitFileType = wrapper.cfbundle; includeInIndex = 0; path = "Sports EventsUITests.xctest"; sourceTree = BUILT_PRODUCTS_DIR; };
		FE96CAAA1F19C7BA003B470B /* Sports_EventsUITests.swift */ = {isa = PBXFileReference; lastKnownFileType = sourcecode.swift; path = Sports_EventsUITests.swift; sourceTree = "<group>"; };
		FE96CAAC1F19C7BA003B470B /* Info.plist */ = {isa = PBXFileReference; lastKnownFileType = text.plist.xml; path = Info.plist; sourceTree = "<group>"; };
		FE96CABF1F1A9A97003B470B /* sports_events.json */ = {isa = PBXFileReference; fileEncoding = 4; lastKnownFileType = text.json; path = sports_events.json; sourceTree = "<group>"; };
		FE96CAC31F1A9FD8003B470B /* Sport.swift */ = {isa = PBXFileReference; fileEncoding = 4; lastKnownFileType = sourcecode.swift; path = Sport.swift; sourceTree = "<group>"; };
		FE96CAC51F1AA229003B470B /* SportsEvent.swift */ = {isa = PBXFileReference; fileEncoding = 4; lastKnownFileType = sourcecode.swift; path = SportsEvent.swift; sourceTree = "<group>"; };
		FE96CAC71F1AA85E003B470B /* SportsEventsJSONParser.swift */ = {isa = PBXFileReference; fileEncoding = 4; lastKnownFileType = sourcecode.swift; path = SportsEventsJSONParser.swift; sourceTree = "<group>"; };
		FE96CAC91F1AAEFF003B470B /* SportsEventsJSONLoader.swift */ = {isa = PBXFileReference; fileEncoding = 4; lastKnownFileType = sourcecode.swift; path = SportsEventsJSONLoader.swift; sourceTree = "<group>"; };
		FE96CACB1F1AB56E003B470B /* SportsEventsViewController.swift */ = {isa = PBXFileReference; fileEncoding = 4; lastKnownFileType = sourcecode.swift; path = SportsEventsViewController.swift; sourceTree = "<group>"; };
		FE96CACD1F1AB59A003B470B /* SportsEventDetailViewController.swift */ = {isa = PBXFileReference; fileEncoding = 4; lastKnownFileType = sourcecode.swift; path = SportsEventDetailViewController.swift; sourceTree = "<group>"; };
		FE96CACF1F1ABCE5003B470B /* SportsEventTableViewCell.swift */ = {isa = PBXFileReference; fileEncoding = 4; lastKnownFileType = sourcecode.swift; path = SportsEventTableViewCell.swift; sourceTree = "<group>"; };
/* End PBXFileReference section */

/* Begin PBXFrameworksBuildPhase section */
		FE96CA841F19C7B9003B470B /* Frameworks */ = {
			isa = PBXFrameworksBuildPhase;
			buildActionMask = 2147483647;
			files = (
			);
			runOnlyForDeploymentPostprocessing = 0;
		};
		FE96CA981F19C7B9003B470B /* Frameworks */ = {
			isa = PBXFrameworksBuildPhase;
			buildActionMask = 2147483647;
			files = (
			);
			runOnlyForDeploymentPostprocessing = 0;
		};
		FE96CAA31F19C7BA003B470B /* Frameworks */ = {
			isa = PBXFrameworksBuildPhase;
			buildActionMask = 2147483647;
			files = (
			);
			runOnlyForDeploymentPostprocessing = 0;
		};
/* End PBXFrameworksBuildPhase section */

/* Begin PBXGroup section */
		FE96CA7E1F19C7B9003B470B = {
			isa = PBXGroup;
			children = (
				FE96CA891F19C7B9003B470B /* Sports Events */,
				FE96CA9E1F19C7BA003B470B /* Sports EventsTests */,
				FE96CAA91F19C7BA003B470B /* Sports EventsUITests */,
				FE96CA881F19C7B9003B470B /* Products */,
			);
			sourceTree = "<group>";
		};
		FE96CA881F19C7B9003B470B /* Products */ = {
			isa = PBXGroup;
			children = (
				FE96CA871F19C7B9003B470B /* Sports Events.app */,
				FE96CA9B1F19C7B9003B470B /* Sports EventsTests.xctest */,
				FE96CAA61F19C7BA003B470B /* Sports EventsUITests.xctest */,
			);
			name = Products;
			sourceTree = "<group>";
		};
		FE96CA891F19C7B9003B470B /* Sports Events */ = {
			isa = PBXGroup;
			children = (
				FE96CABC1F1A99E3003B470B /* Model */,
				FE96CA8A1F19C7B9003B470B /* AppDelegate.swift */,
				FE96CA8E1F19C7B9003B470B /* Main.storyboard */,
				FE96CA911F19C7B9003B470B /* Assets.xcassets */,
				FE96CA931F19C7B9003B470B /* LaunchScreen.storyboard */,
				FE96CA961F19C7B9003B470B /* Info.plist */,
				FE96CACB1F1AB56E003B470B /* SportsEventsViewController.swift */,
				FE96CACD1F1AB59A003B470B /* SportsEventDetailViewController.swift */,
				FE96CACF1F1ABCE5003B470B /* SportsEventTableViewCell.swift */,
			);
			path = "Sports Events";
			sourceTree = "<group>";
		};
		FE96CA9E1F19C7BA003B470B /* Sports EventsTests */ = {
			isa = PBXGroup;
			children = (
				FE96CA9F1F19C7BA003B470B /* Sports_EventsTests.swift */,
				FE96CAA11F19C7BA003B470B /* Info.plist */,
			);
			path = "Sports EventsTests";
			sourceTree = "<group>";
		};
		FE96CAA91F19C7BA003B470B /* Sports EventsUITests */ = {
			isa = PBXGroup;
			children = (
				FE96CAAA1F19C7BA003B470B /* Sports_EventsUITests.swift */,
				FE96CAAC1F19C7BA003B470B /* Info.plist */,
			);
			path = "Sports EventsUITests";
			sourceTree = "<group>";
		};
		FE96CABC1F1A99E3003B470B /* Model */ = {
			isa = PBXGroup;
			children = (
				FE96CABF1F1A9A97003B470B /* sports_events.json */,
				FE96CAC31F1A9FD8003B470B /* Sport.swift */,
				FE96CAC51F1AA229003B470B /* SportsEvent.swift */,
				FE96CAC71F1AA85E003B470B /* SportsEventsJSONParser.swift */,
				FE96CAC91F1AAEFF003B470B /* SportsEventsJSONLoader.swift */,
			);
			path = Model;
			sourceTree = "<group>";
		};
/* End PBXGroup section */

/* Begin PBXNativeTarget section */
		FE96CA861F19C7B9003B470B /* Sports Events */ = {
			isa = PBXNativeTarget;
			buildConfigurationList = FE96CAAF1F19C7BA003B470B /* Build configuration list for PBXNativeTarget "Sports Events" */;
			buildPhases = (
				FE96CA831F19C7B9003B470B /* Sources */,
				FE96CA841F19C7B9003B470B /* Frameworks */,
				FE96CA851F19C7B9003B470B /* Resources */,
			);
			buildRules = (
			);
			dependencies = (
			);
			name = "Sports Events";
			productName = "Sports Events";
			productReference = FE96CA871F19C7B9003B470B /* Sports Events.app */;
			productType = "com.apple.product-type.application";
		};
		FE96CA9A1F19C7B9003B470B /* Sports EventsTests */ = {
			isa = PBXNativeTarget;
			buildConfigurationList = FE96CAB21F19C7BA003B470B /* Build configuration list for PBXNativeTarget "Sports EventsTests" */;
			buildPhases = (
				FE96CA971F19C7B9003B470B /* Sources */,
				FE96CA981F19C7B9003B470B /* Frameworks */,
				FE96CA991F19C7B9003B470B /* Resources */,
			);
			buildRules = (
			);
			dependencies = (
				FE96CA9D1F19C7B9003B470B /* PBXTargetDependency */,
			);
			name = "Sports EventsTests";
			productName = "Sports EventsTests";
			productReference = FE96CA9B1F19C7B9003B470B /* Sports EventsTests.xctest */;
			productType = "com.apple.product-type.bundle.unit-test";
		};
		FE96CAA51F19C7BA003B470B /* Sports EventsUITests */ = {
			isa = PBXNativeTarget;
			buildConfigurationList = FE96CAB51F19C7BA003B470B /* Build configuration list for PBXNativeTarget "Sports EventsUITests" */;
			buildPhases = (
				FE96CAA21F19C7BA003B470B /* Sources */,
				FE96CAA31F19C7BA003B470B /* Frameworks */,
				FE96CAA41F19C7BA003B470B /* Resources */,
			);
			buildRules = (
			);
			dependencies = (
				FE96CAA81F19C7BA003B470B /* PBXTargetDependency */,
			);
			name = "Sports EventsUITests";
			productName = "Sports EventsUITests";
			productReference = FE96CAA61F19C7BA003B470B /* Sports EventsUITests.xctest */;
			productType = "com.apple.product-type.bundle.ui-testing";
		};
/* End PBXNativeTarget section */

/* Begin PBXProject section */
		FE96CA7F1F19C7B9003B470B /* Project object */ = {
			isa = PBXProject;
			attributes = {
				LastSwiftUpdateCheck = 0830;
				LastUpgradeCheck = 0830;
				ORGANIZATIONNAME = "Tech Innovator";
				TargetAttributes = {
					FE96CA861F19C7B9003B470B = {
						CreatedOnToolsVersion = 8.3.3;
						ProvisioningStyle = Automatic;
					};
					FE96CA9A1F19C7B9003B470B = {
						CreatedOnToolsVersion = 8.3.3;
						ProvisioningStyle = Automatic;
						TestTargetID = FE96CA861F19C7B9003B470B;
					};
					FE96CAA51F19C7BA003B470B = {
						CreatedOnToolsVersion = 8.3.3;
						ProvisioningStyle = Automatic;
						TestTargetID = FE96CA861F19C7B9003B470B;
					};
				};
			};
			buildConfigurationList = FE96CA821F19C7B9003B470B /* Build configuration list for PBXProject "Sports Events" */;
			compatibilityVersion = "Xcode 3.2";
			developmentRegion = English;
			hasScannedForEncodings = 0;
			knownRegions = (
				en,
				Base,
			);
			mainGroup = FE96CA7E1F19C7B9003B470B;
			productRefGroup = FE96CA881F19C7B9003B470B /* Products */;
			projectDirPath = "";
			projectRoot = "";
			targets = (
				FE96CA861F19C7B9003B470B /* Sports Events */,
				FE96CA9A1F19C7B9003B470B /* Sports EventsTests */,
				FE96CAA51F19C7BA003B470B /* Sports EventsUITests */,
			);
		};
/* End PBXProject section */

/* Begin PBXResourcesBuildPhase section */
		FE96CA851F19C7B9003B470B /* Resources */ = {
			isa = PBXResourcesBuildPhase;
			buildActionMask = 2147483647;
			files = (
				FE96CA951F19C7B9003B470B /* LaunchScreen.storyboard in Resources */,
				FE96CAC01F1A9A97003B470B /* sports_events.json in Resources */,
				FE96CA921F19C7B9003B470B /* Assets.xcassets in Resources */,
				FE96CA901F19C7B9003B470B /* Main.storyboard in Resources */,
			);
			runOnlyForDeploymentPostprocessing = 0;
		};
		FE96CA991F19C7B9003B470B /* Resources */ = {
			isa = PBXResourcesBuildPhase;
			buildActionMask = 2147483647;
			files = (
			);
			runOnlyForDeploymentPostprocessing = 0;
		};
		FE96CAA41F19C7BA003B470B /* Resources */ = {
			isa = PBXResourcesBuildPhase;
			buildActionMask = 2147483647;
			files = (
			);
			runOnlyForDeploymentPostprocessing = 0;
		};
/* End PBXResourcesBuildPhase section */

/* Begin PBXSourcesBuildPhase section */
		FE96CA831F19C7B9003B470B /* Sources */ = {
			isa = PBXSourcesBuildPhase;
			buildActionMask = 2147483647;
			files = (
				FE96CACE1F1AB59A003B470B /* SportsEventDetailViewController.swift in Sources */,
				FE96CAD01F1ABCE5003B470B /* SportsEventTableViewCell.swift in Sources */,
				FE96CAC41F1A9FD8003B470B /* Sport.swift in Sources */,
				FE96CA8B1F19C7B9003B470B /* AppDelegate.swift in Sources */,
				FE96CAC81F1AA85E003B470B /* SportsEventsJSONParser.swift in Sources */,
				FE96CACA1F1AAEFF003B470B /* SportsEventsJSONLoader.swift in Sources */,
				FE96CACC1F1AB56E003B470B /* SportsEventsViewController.swift in Sources */,
				FE96CAC61F1AA229003B470B /* SportsEvent.swift in Sources */,
			);
			runOnlyForDeploymentPostprocessing = 0;
		};
		FE96CA971F19C7B9003B470B /* Sources */ = {
			isa = PBXSourcesBuildPhase;
			buildActionMask = 2147483647;
			files = (
				FE96CAA01F19C7BA003B470B /* Sports_EventsTests.swift in Sources */,
			);
			runOnlyForDeploymentPostprocessing = 0;
		};
		FE96CAA21F19C7BA003B470B /* Sources */ = {
			isa = PBXSourcesBuildPhase;
			buildActionMask = 2147483647;
			files = (
				FE96CAAB1F19C7BA003B470B /* Sports_EventsUITests.swift in Sources */,
			);
			runOnlyForDeploymentPostprocessing = 0;
		};
/* End PBXSourcesBuildPhase section */

/* Begin PBXTargetDependency section */
		FE96CA9D1F19C7B9003B470B /* PBXTargetDependency */ = {
			isa = PBXTargetDependency;
			target = FE96CA861F19C7B9003B470B /* Sports Events */;
			targetProxy = FE96CA9C1F19C7B9003B470B /* PBXContainerItemProxy */;
		};
		FE96CAA81F19C7BA003B470B /* PBXTargetDependency */ = {
			isa = PBXTargetDependency;
			target = FE96CA861F19C7B9003B470B /* Sports Events */;
			targetProxy = FE96CAA71F19C7BA003B470B /* PBXContainerItemProxy */;
		};
/* End PBXTargetDependency section */

/* Begin PBXVariantGroup section */
		FE96CA8E1F19C7B9003B470B /* Main.storyboard */ = {
			isa = PBXVariantGroup;
			children = (
				FE96CA8F1F19C7B9003B470B /* Base */,
			);
			name = Main.storyboard;
			sourceTree = "<group>";
		};
		FE96CA931F19C7B9003B470B /* LaunchScreen.storyboard */ = {
			isa = PBXVariantGroup;
			children = (
				FE96CA941F19C7B9003B470B /* Base */,
			);
			name = LaunchScreen.storyboard;
			sourceTree = "<group>";
		};
/* End PBXVariantGroup section */

/* Begin XCBuildConfiguration section */
		FE96CAAD1F19C7BA003B470B /* Debug */ = {
			isa = XCBuildConfiguration;
			buildSettings = {
				ALWAYS_SEARCH_USER_PATHS = NO;
				CLANG_ANALYZER_NONNULL = YES;
				CLANG_ANALYZER_NUMBER_OBJECT_CONVERSION = YES_AGGRESSIVE;
				CLANG_CXX_LANGUAGE_STANDARD = "gnu++0x";
				CLANG_CXX_LIBRARY = "libc++";
				CLANG_ENABLE_MODULES = YES;
				CLANG_ENABLE_OBJC_ARC = YES;
				CLANG_WARN_BOOL_CONVERSION = YES;
				CLANG_WARN_CONSTANT_CONVERSION = YES;
				CLANG_WARN_DIRECT_OBJC_ISA_USAGE = YES_ERROR;
				CLANG_WARN_DOCUMENTATION_COMMENTS = YES;
				CLANG_WARN_EMPTY_BODY = YES;
				CLANG_WARN_ENUM_CONVERSION = YES;
				CLANG_WARN_INFINITE_RECURSION = YES;
				CLANG_WARN_INT_CONVERSION = YES;
				CLANG_WARN_OBJC_ROOT_CLASS = YES_ERROR;
				CLANG_WARN_SUSPICIOUS_MOVE = YES;
				CLANG_WARN_UNREACHABLE_CODE = YES;
				CLANG_WARN__DUPLICATE_METHOD_MATCH = YES;
				"CODE_SIGN_IDENTITY[sdk=iphoneos*]" = "iPhone Developer";
				COPY_PHASE_STRIP = NO;
				DEBUG_INFORMATION_FORMAT = dwarf;
				ENABLE_STRICT_OBJC_MSGSEND = YES;
				ENABLE_TESTABILITY = YES;
				GCC_C_LANGUAGE_STANDARD = gnu99;
				GCC_DYNAMIC_NO_PIC = NO;
				GCC_NO_COMMON_BLOCKS = YES;
				GCC_OPTIMIZATION_LEVEL = 0;
				GCC_PREPROCESSOR_DEFINITIONS = (
					"DEBUG=1",
					"$(inherited)",
				);
				GCC_WARN_64_TO_32_BIT_CONVERSION = YES;
				GCC_WARN_ABOUT_RETURN_TYPE = YES_ERROR;
				GCC_WARN_UNDECLARED_SELECTOR = YES;
				GCC_WARN_UNINITIALIZED_AUTOS = YES_AGGRESSIVE;
				GCC_WARN_UNUSED_FUNCTION = YES;
				GCC_WARN_UNUSED_VARIABLE = YES;
				IPHONEOS_DEPLOYMENT_TARGET = 10.3;
				MTL_ENABLE_DEBUG_INFO = YES;
				ONLY_ACTIVE_ARCH = YES;
				SDKROOT = iphoneos;
				SWIFT_ACTIVE_COMPILATION_CONDITIONS = DEBUG;
				SWIFT_OPTIMIZATION_LEVEL = "-Onone";
				TARGETED_DEVICE_FAMILY = "1,2";
			};
			name = Debug;
		};
		FE96CAAE1F19C7BA003B470B /* Release */ = {
			isa = XCBuildConfiguration;
			buildSettings = {
				ALWAYS_SEARCH_USER_PATHS = NO;
				CLANG_ANALYZER_NONNULL = YES;
				CLANG_ANALYZER_NUMBER_OBJECT_CONVERSION = YES_AGGRESSIVE;
				CLANG_CXX_LANGUAGE_STANDARD = "gnu++0x";
				CLANG_CXX_LIBRARY = "libc++";
				CLANG_ENABLE_MODULES = YES;
				CLANG_ENABLE_OBJC_ARC = YES;
				CLANG_WARN_BOOL_CONVERSION = YES;
				CLANG_WARN_CONSTANT_CONVERSION = YES;
				CLANG_WARN_DIRECT_OBJC_ISA_USAGE = YES_ERROR;
				CLANG_WARN_DOCUMENTATION_COMMENTS = YES;
				CLANG_WARN_EMPTY_BODY = YES;
				CLANG_WARN_ENUM_CONVERSION = YES;
				CLANG_WARN_INFINITE_RECURSION = YES;
				CLANG_WARN_INT_CONVERSION = YES;
				CLANG_WARN_OBJC_ROOT_CLASS = YES_ERROR;
				CLANG_WARN_SUSPICIOUS_MOVE = YES;
				CLANG_WARN_UNREACHABLE_CODE = YES;
				CLANG_WARN__DUPLICATE_METHOD_MATCH = YES;
				"CODE_SIGN_IDENTITY[sdk=iphoneos*]" = "iPhone Developer";
				COPY_PHASE_STRIP = NO;
				DEBUG_INFORMATION_FORMAT = "dwarf-with-dsym";
				ENABLE_NS_ASSERTIONS = NO;
				ENABLE_STRICT_OBJC_MSGSEND = YES;
				GCC_C_LANGUAGE_STANDARD = gnu99;
				GCC_NO_COMMON_BLOCKS = YES;
				GCC_WARN_64_TO_32_BIT_CONVERSION = YES;
				GCC_WARN_ABOUT_RETURN_TYPE = YES_ERROR;
				GCC_WARN_UNDECLARED_SELECTOR = YES;
				GCC_WARN_UNINITIALIZED_AUTOS = YES_AGGRESSIVE;
				GCC_WARN_UNUSED_FUNCTION = YES;
				GCC_WARN_UNUSED_VARIABLE = YES;
				IPHONEOS_DEPLOYMENT_TARGET = 10.3;
				MTL_ENABLE_DEBUG_INFO = NO;
				SDKROOT = iphoneos;
				SWIFT_OPTIMIZATION_LEVEL = "-Owholemodule";
				TARGETED_DEVICE_FAMILY = "1,2";
				VALIDATE_PRODUCT = YES;
			};
			name = Release;
		};
		FE96CAB01F19C7BA003B470B /* Debug */ = {
			isa = XCBuildConfiguration;
			buildSettings = {
				ASSETCATALOG_COMPILER_APPICON_NAME = AppIcon;
				INFOPLIST_FILE = "Sports Events/Info.plist";
				LD_RUNPATH_SEARCH_PATHS = "$(inherited) @executable_path/Frameworks";
				PRODUCT_BUNDLE_IDENTIFIER = "online.techinnovator.Sports-Events";
				PRODUCT_NAME = "$(TARGET_NAME)";
				SWIFT_VERSION = 3.0;
			};
			name = Debug;
		};
		FE96CAB11F19C7BA003B470B /* Release */ = {
			isa = XCBuildConfiguration;
			buildSettings = {
				ASSETCATALOG_COMPILER_APPICON_NAME = AppIcon;
				INFOPLIST_FILE = "Sports Events/Info.plist";
				LD_RUNPATH_SEARCH_PATHS = "$(inherited) @executable_path/Frameworks";
				PRODUCT_BUNDLE_IDENTIFIER = "online.techinnovator.Sports-Events";
				PRODUCT_NAME = "$(TARGET_NAME)";
				SWIFT_VERSION = 3.0;
			};
			name = Release;
		};
		FE96CAB31F19C7BA003B470B /* Debug */ = {
			isa = XCBuildConfiguration;
			buildSettings = {
				ALWAYS_EMBED_SWIFT_STANDARD_LIBRARIES = YES;
				BUNDLE_LOADER = "$(TEST_HOST)";
				INFOPLIST_FILE = "Sports EventsTests/Info.plist";
				LD_RUNPATH_SEARCH_PATHS = "$(inherited) @executable_path/Frameworks @loader_path/Frameworks";
				PRODUCT_BUNDLE_IDENTIFIER = "online.techinnovator.Sports-EventsTests";
				PRODUCT_NAME = "$(TARGET_NAME)";
				SWIFT_VERSION = 3.0;
				TEST_HOST = "$(BUILT_PRODUCTS_DIR)/Sports Events.app/Sports Events";
			};
			name = Debug;
		};
		FE96CAB41F19C7BA003B470B /* Release */ = {
			isa = XCBuildConfiguration;
			buildSettings = {
				ALWAYS_EMBED_SWIFT_STANDARD_LIBRARIES = YES;
				BUNDLE_LOADER = "$(TEST_HOST)";
				INFOPLIST_FILE = "Sports EventsTests/Info.plist";
				LD_RUNPATH_SEARCH_PATHS = "$(inherited) @executable_path/Frameworks @loader_path/Frameworks";
				PRODUCT_BUNDLE_IDENTIFIER = "online.techinnovator.Sports-EventsTests";
				PRODUCT_NAME = "$(TARGET_NAME)";
				SWIFT_VERSION = 3.0;
				TEST_HOST = "$(BUILT_PRODUCTS_DIR)/Sports Events.app/Sports Events";
			};
			name = Release;
		};
		FE96CAB61F19C7BA003B470B /* Debug */ = {
			isa = XCBuildConfiguration;
			buildSettings = {
				ALWAYS_EMBED_SWIFT_STANDARD_LIBRARIES = YES;
				INFOPLIST_FILE = "Sports EventsUITests/Info.plist";
				LD_RUNPATH_SEARCH_PATHS = "$(inherited) @executable_path/Frameworks @loader_path/Frameworks";
				PRODUCT_BUNDLE_IDENTIFIER = "online.techinnovator.Sports-EventsUITests";
				PRODUCT_NAME = "$(TARGET_NAME)";
				SWIFT_VERSION = 3.0;
				TEST_TARGET_NAME = "Sports Events";
			};
			name = Debug;
		};
		FE96CAB71F19C7BA003B470B /* Release */ = {
			isa = XCBuildConfiguration;
			buildSettings = {
				ALWAYS_EMBED_SWIFT_STANDARD_LIBRARIES = YES;
				INFOPLIST_FILE = "Sports EventsUITests/Info.plist";
				LD_RUNPATH_SEARCH_PATHS = "$(inherited) @executable_path/Frameworks @loader_path/Frameworks";
				PRODUCT_BUNDLE_IDENTIFIER = "online.techinnovator.Sports-EventsUITests";
				PRODUCT_NAME = "$(TARGET_NAME)";
				SWIFT_VERSION = 3.0;
				TEST_TARGET_NAME = "Sports Events";
			};
			name = Release;
		};
/* End XCBuildConfiguration section */

/* Begin XCConfigurationList section */
		FE96CA821F19C7B9003B470B /* Build configuration list for PBXProject "Sports Events" */ = {
			isa = XCConfigurationList;
			buildConfigurations = (
				FE96CAAD1F19C7BA003B470B /* Debug */,
				FE96CAAE1F19C7BA003B470B /* Release */,
			);
			defaultConfigurationIsVisible = 0;
			defaultConfigurationName = Release;
		};
		FE96CAAF1F19C7BA003B470B /* Build configuration list for PBXNativeTarget "Sports Events" */ = {
			isa = XCConfigurationList;
			buildConfigurations = (
				FE96CAB01F19C7BA003B470B /* Debug */,
				FE96CAB11F19C7BA003B470B /* Release */,
			);
			defaultConfigurationIsVisible = 0;
		};
		FE96CAB21F19C7BA003B470B /* Build configuration list for PBXNativeTarget "Sports EventsTests" */ = {
			isa = XCConfigurationList;
			buildConfigurations = (
				FE96CAB31F19C7BA003B470B /* Debug */,
				FE96CAB41F19C7BA003B470B /* Release */,
			);
			defaultConfigurationIsVisible = 0;
		};
		FE96CAB51F19C7BA003B470B /* Build configuration list for PBXNativeTarget "Sports EventsUITests" */ = {
			isa = XCConfigurationList;
			buildConfigurations = (
				FE96CAB61F19C7BA003B470B /* Debug */,
				FE96CAB71F19C7BA003B470B /* Release */,
			);
			defaultConfigurationIsVisible = 0;
		};
/* End XCConfigurationList section */
	};
	rootObject = FE96CA7F1F19C7B9003B470B /* Project object */;
}
